<?xml version="1.0" encoding="utf-8"?>
<Project ToolsVersion="4.0" xmlns="http://schemas.microsoft.com/developer/msbuild/2003">
  <ItemGroup>
    <Filter Include="Source Files">
      <UniqueIdentifier>{4FC737F1-C7A5-4376-A066-2A32D752A2FF}</UniqueIdentifier>
      <Extensions>cpp;c;cc;cxx;def;odl;idl;hpj;bat;asm;asmx</Extensions>
    </Filter>
    <Filter Include="Header Files">
      <UniqueIdentifier>{93995380-89BD-4b04-88EB-625FBE52EBFB}</UniqueIdentifier>
      <Extensions>h;hh;hpp;hxx;hm;inl;inc;xsd</Extensions>
    </Filter>
    <Filter Include="Resource Files">
      <UniqueIdentifier>{67DA6AB6-F800-4c08-8B7A-83BB121AAD01}</UniqueIdentifier>
      <Extensions>qrc;rc;ico;cur;bmp;dlg;rc2;rct;bin;rgs;gif;jpg;jpeg;jpe;resx;tiff;tif;png;wav;mfcribbon-ms</Extensions>
    </Filter>
    <Filter Include="Form Files">
      <UniqueIdentifier>{99349809-55BA-4b9d-BF79-8FDBB0286EB3}</UniqueIdentifier>
      <Extensions>ui</Extensions>
    </Filter>
    <Filter Include="Translation Files">
      <UniqueIdentifier>{639EADAA-A684-42e4-A9AD-28FC9BCB8F7C}</UniqueIdentifier>
      <Extensions>ts</Extensions>
    </Filter>
    <Filter Include="Header Files\QxtGlobalShortCut">
      <UniqueIdentifier>{7b211091-236e-4d2f-90a4-9cbe3aae71e4}</UniqueIdentifier>
    </Filter>
    <Filter Include="Source Files\QxtGlobalShortCut">
      <UniqueIdentifier>{e223644e-f4b8-4f72-bc36-4a866c3e9eaf}</UniqueIdentifier>
    </Filter>
  </ItemGroup>
  <ItemGroup>
    <QtRcc Include="FocusManager.qrc">
      <Filter>Resource Files</Filter>
    </QtRcc>
    <QtUic Include="FocusManager.ui">
      <Filter>Form Files</Filter>
    </QtUic>
  </ItemGroup>
  <ItemGroup>
    <ClCompile Include="main.cpp">
      <Filter>Source Files</Filter>
    </ClCompile>
    <ClCompile Include="FocusManager.cpp">
      <Filter>Source Files</Filter>
    </ClCompile>
    <ClCompile Include="QxtGlobalShortcut\qxtglobal.cpp">
      <Filter>Source Files\QxtGlobalShortCut</Filter>
    </ClCompile>
    <ClCompile Include="QxtGlobalShortcut\qxtglobalshortcut.cpp">
      <Filter>Source Files\QxtGlobalShortCut</Filter>
    </ClCompile>
    <ClCompile Include="QxtGlobalShortcut\qxtglobalshortcut_win.cpp">
      <Filter>Source Files\QxtGlobalShortCut</Filter>
    </ClCompile>
    <ClCompile Include="QxtGlobalShortcut\qxtwindowsystem_win.cpp">
      <Filter>Source Files\QxtGlobalShortCut</Filter>
    </ClCompile>
    <ClCompile Include="QxtGlobalShortcut\qxtwindowsystem.cpp">
      <Filter>Source Files\QxtGlobalShortCut</Filter>
    </ClCompile>
    <ClCompile Include="WindowsHandle.cpp">
      <Filter>Source Files</Filter>
    </ClCompile>
    <ClCompile Include="HandleInfo.cpp">
      <Filter>Source Files</Filter>
    </ClCompile>
  </ItemGroup>
  <ItemGroup>
    <ClInclude Include="resource.h">
      <Filter>Header Files</Filter>
    </ClInclude>
    <ClInclude Include="resource1.h">
      <Filter>Header Files</Filter>
    </ClInclude>
    <ClInclude Include="QxtGlobalShortcut\qxtglobal.h">
      <Filter>Header Files\QxtGlobalShortCut</Filter>
    </ClInclude>
    <ClInclude Include="QxtGlobalShortcut\qxtglobalshortcut_p.h">
      <Filter>Header Files\QxtGlobalShortCut</Filter>
    </ClInclude>
    <ClInclude Include="QxtGlobalShortcut\qxtwindowsystem.h">
      <Filter>Header Files\QxtGlobalShortCut</Filter>
    </ClInclude>
    <ClInclude Include="WindowsHandle.h">
      <Filter>Header Files</Filter>
    </ClInclude>
    <ClInclude Include="HandleInfo.h">
      <Filter>Header Files</Filter>
    </ClInclude>
  </ItemGroup>
  <ItemGroup>
    <ResourceCompile Include="FocusManager.rc">
      <Filter>Resource Files</Filter>
    </ResourceCompile>
    <ResourceCompile Include="Resource.rc">
      <Filter>Resource Files</Filter>
    </ResourceCompile>
  </ItemGroup>
  <ItemGroup>
    <QtMoc Include="FocusManager.h">
      <Filter>Header Files</Filter>
    </QtMoc>
    <QtMoc Include="QxtGlobalShortcut\qxtglobalshortcut.h">
      <Filter>Header Files\QxtGlobalShortCut</Filter>
    </QtMoc>
  </ItemGroup>
</Project>